
Microsoft Visual Studio Solution File, Format Version 12.00
# Visual Studio Version 16
VisualStudioVersion = 16.0.30413.136
MinimumVisualStudioVersion = 10.0.40219.1
Project("{FAE04EC0-301F-11D3-BF4B-00C04F79EFBC}") = "BookLibraryAssignemnt", "BookLibraryAssignemnt\BookLibraryAssignemnt.csproj", "{628847A6-90AB-4F51-B6AF-6A6611E0CF86}"
EndProject
Project("{FAE04EC0-301F-11D3-BF4B-00C04F79EFBC}") = "UnitTestProject1", "UnitTestProject1\UnitTestProject1.csproj", "{574DF0A3-7C4F-488B-8363-B161E1EF7B48}"
EndProject
Global
	GlobalSection(SolutionConfigurationPlatforms) = preSolution
		Debug|Any CPU = Debug|Any CPU
		Release|Any CPU = Release|Any CPU
	EndGlobalSection
	GlobalSection(ProjectConfigurationPlatforms) = postSolution
		{628847A6-90AB-4F51-B6AF-6A6611E0CF86}.Debug|Any CPU.ActiveCfg = Debug|Any CPU
		{628847A6-90AB-4F51-B6AF-6A6611E0CF86}.Debug|Any CPU.Build.0 = Debug|Any CPU
		{628847A6-90AB-4F51-B6AF-6A6611E0CF86}.Release|Any CPU.ActiveCfg = Release|Any CPU
		{628847A6-90AB-4F51-B6AF-6A6611E0CF86}.Release|Any CPU.Build.0 = Release|Any CPU
		{574DF0A3-7C4F-488B-8363-B161E1EF7B48}.Debug|Any CPU.ActiveCfg = Debug|Any CPU
		{574DF0A3-7C4F-488B-8363-B161E1EF7B48}.Debug|Any CPU.Build.0 = Debug|Any CPU
		{574DF0A3-7C4F-488B-8363-B161E1EF7B48}.Release|Any CPU.ActiveCfg = Release|Any CPU
		{574DF0A3-7C4F-488B-8363-B161E1EF7B48}.Release|Any CPU.Build.0 = Release|Any CPU
	EndGlobalSection
	GlobalSection(SolutionProperties) = preSolution
		HideSolutionNode = FALSE
	EndGlobalSection
	GlobalSection(ExtensibilityGlobals) = postSolution
		SolutionGuid = {6FBC1D9E-37F5-4DDE-A67B-A994574DADB1}
	EndGlobalSection
EndGlobal
